
Microsoft Visual Studio Solution File, Format Version 12.00
# Visual Studio 15
VisualStudioVersion = 15.0.27703.2000
MinimumVisualStudioVersion = 10.0.40219.1
Project("{FAE04EC0-301F-11D3-BF4B-00C04F79EFBC}") = "WebLogger", "WebLogger\WebLogger.csproj", "{6FE7CA04-4BF9-4371-8FCB-F9985A0C5C9B}"
EndProject
Global
	GlobalSection(SolutionConfigurationPlatforms) = preSolution
		Debug|Any CPU = Debug|Any CPU
		Release|Any CPU = Release|Any CPU
	EndGlobalSection
	GlobalSection(ProjectConfigurationPlatforms) = postSolution
		{6FE7CA04-4BF9-4371-8FCB-F9985A0C5C9B}.Debug|Any CPU.ActiveCfg = Debug|Any CPU
		{6FE7CA04-4BF9-4371-8FCB-F9985A0C5C9B}.Debug|Any CPU.Build.0 = Debug|Any CPU
		{6FE7CA04-4BF9-4371-8FCB-F9985A0C5C9B}.Release|Any CPU.ActiveCfg = Release|Any CPU
		{6FE7CA04-4BF9-4371-8FCB-F9985A0C5C9B}.Release|Any CPU.Build.0 = Release|Any CPU
	EndGlobalSection
	GlobalSection(SolutionProperties) = preSolution
		HideSolutionNode = FALSE
	EndGlobalSection
	GlobalSection(ExtensibilityGlobals) = postSolution
		SolutionGuid = {FF060CD8-EC25-49B4-9B9E-DDDB7325E574}
	EndGlobalSection
EndGlobal
